// !$*UTF8*$!
{
	archiveVersion = 1;
	classes = {
	};
	objectVersion = 46;
	objects = {

/* Begin PBXAggregateTarget section */
		0BDCBE22BBA5408E8CDA81AE /* ALL_BUILD */ = {
			isa = PBXAggregateTarget;
			buildConfigurationList = DDE87C3105364D52BC41B940 /* Build configuration list for PBXAggregateTarget "ALL_BUILD" */;
			buildPhases = (
				28FAC46AC668441A8A8F3096 /* CMake Rules */,
			);
			dependencies = (
				321418C559EF4D8FA3051A58 /* PBXTargetDependency */,
				4DAD6C8B23CB4127A5D35353 /* PBXTargetDependency */,
			);
			name = ALL_BUILD;
			productName = ALL_BUILD;
		};
		D48D431E93384B5D8408ED81 /* ZERO_CHECK */ = {
			isa = PBXAggregateTarget;
			buildConfigurationList = D49F428873BD452486E84755 /* Build configuration list for PBXAggregateTarget "ZERO_CHECK" */;
			buildPhases = (
				7BA58D836CD04D38BE037EE6 /* CMake Rules */,
			);
			dependencies = (
			);
			name = ZERO_CHECK;
			productName = ZERO_CHECK;
		};
/* End PBXAggregateTarget section */

/* Begin PBXBuildFile section */
		2E0BB3CF5B5A4637BEFE3796 /* main.cpp in Sources */ = {isa = PBXBuildFile; fileRef = BD36E25F31E64E8C81672698 /* main.cpp */; };
		7589A22E1FDD0516007A5E9A /* jmt.cpp in Sources */ = {isa = PBXBuildFile; fileRef = 7589A22C1FDD0516007A5E9A /* jmt.cpp */; };
		7589A2331FDD0C12007A5E9A /* vehicle.cpp in Sources */ = {isa = PBXBuildFile; fileRef = 7589A2321FDD0C12007A5E9A /* vehicle.cpp */; };
/* End PBXBuildFile section */

/* Begin PBXContainerItemProxy section */
		7D341953354445D6ABE66B73 /* PBXContainerItemProxy */ = {
			isa = PBXContainerItemProxy;
			containerPortal = 52188B229BD54355A97C1779 /* Project object */;
			proxyType = 1;
			remoteGlobalIDString = D48D431E93384B5D8408ED81;
			remoteInfo = ZERO_CHECK;
		};
		9E1498CB46E047AE9C0845DD /* PBXContainerItemProxy */ = {
			isa = PBXContainerItemProxy;
			containerPortal = 52188B229BD54355A97C1779 /* Project object */;
			proxyType = 1;
			remoteGlobalIDString = EF41B4CFE08C483CB176A4E1;
			remoteInfo = path_planning;
		};
		FBC285B964F64AB9BD104C4D /* PBXContainerItemProxy */ = {
			isa = PBXContainerItemProxy;
			containerPortal = 52188B229BD54355A97C1779 /* Project object */;
			proxyType = 1;
			remoteGlobalIDString = D48D431E93384B5D8408ED81;
			remoteInfo = ZERO_CHECK;
		};
/* End PBXContainerItemProxy section */

/* Begin PBXFileReference section */
		2B51BD8C430141C0A41C9D67 /* CMakeLists.txt */ = {isa = PBXFileReference; explicitFileType = sourcecode.text; fileEncoding = 4; lastKnownFileType = text; path = CMakeLists.txt; sourceTree = SOURCE_ROOT; };
		53C07DE647C44F808CEB46B2 /* CMakeLists.txt */ = {isa = PBXFileReference; explicitFileType = sourcecode.text; fileEncoding = 4; lastKnownFileType = text; path = CMakeLists.txt; sourceTree = SOURCE_ROOT; };
		5EE05E4E99664E659AA0CF8B /* path_planning */ = {isa = PBXFileReference; explicitFileType = "compiled.mach-o.executable"; path = path_planning; sourceTree = BUILT_PRODUCTS_DIR; };
		73D604AD7F214BDA86901669 /* CMakeLists.txt */ = {isa = PBXFileReference; explicitFileType = sourcecode.text; fileEncoding = 4; lastKnownFileType = text; path = CMakeLists.txt; sourceTree = SOURCE_ROOT; };
		750686B71FD98C0B00884471 /* cost.h */ = {isa = PBXFileReference; lastKnownFileType = sourcecode.c.h; name = cost.h; path = src/cost.h; sourceTree = "<group>"; };
		750686B81FD98D9A00884471 /* constants.h */ = {isa = PBXFileReference; lastKnownFileType = sourcecode.c.h; name = constants.h; path = src/constants.h; sourceTree = "<group>"; };
		7567C32E1FDDBF9E0074A2B2 /* interpolator.h */ = {isa = PBXFileReference; lastKnownFileType = sourcecode.c.h; name = interpolator.h; path = src/interpolator.h; sourceTree = "<group>"; };
		7589A22C1FDD0516007A5E9A /* jmt.cpp */ = {isa = PBXFileReference; lastKnownFileType = sourcecode.cpp.cpp; name = jmt.cpp; path = src/jmt.cpp; sourceTree = "<group>"; };
		7589A2311FDD0A74007A5E9A /* jmt.h */ = {isa = PBXFileReference; lastKnownFileType = sourcecode.c.h; name = jmt.h; path = src/jmt.h; sourceTree = "<group>"; };
		7589A2321FDD0C12007A5E9A /* vehicle.cpp */ = {isa = PBXFileReference; lastKnownFileType = sourcecode.cpp.cpp; name = vehicle.cpp; path = src/vehicle.cpp; sourceTree = "<group>"; };
		7589A2351FDD0C47007A5E9A /* vehicle.h */ = {isa = PBXFileReference; lastKnownFileType = sourcecode.c.h; name = vehicle.h; path = src/vehicle.h; sourceTree = "<group>"; };
		75B697B71FD46AF4003614C8 /* json.hpp */ = {isa = PBXFileReference; fileEncoding = 4; lastKnownFileType = sourcecode.cpp.h; name = json.hpp; path = src/json.hpp; sourceTree = "<group>"; };
		75B697B81FD46AFC003614C8 /* spline.h */ = {isa = PBXFileReference; fileEncoding = 4; lastKnownFileType = sourcecode.c.h; name = spline.h; path = src/spline.h; sourceTree = "<group>"; };
		75B697BA1FD46B47003614C8 /* Eigen-3.3 */ = {isa = PBXFileReference; lastKnownFileType = folder; name = "Eigen-3.3"; path = "src/Eigen-3.3"; sourceTree = "<group>"; };
		BD36E25F31E64E8C81672698 /* main.cpp */ = {isa = PBXFileReference; explicitFileType = sourcecode.cpp.cpp; fileEncoding = 4; name = main.cpp; path = src/main.cpp; sourceTree = SOURCE_ROOT; };
/* End PBXFileReference section */

/* Begin PBXGroup section */
		11D511073B9B44A085086B41 /* Products */ = {
			isa = PBXGroup;
			children = (
				5EE05E4E99664E659AA0CF8B /* path_planning */,
			);
			name = Products;
			sourceTree = "<group>";
		};
		202088C3D1694E32A4637975 /* Source Files */ = {
			isa = PBXGroup;
			children = (
				BD36E25F31E64E8C81672698 /* main.cpp */,
				7589A22C1FDD0516007A5E9A /* jmt.cpp */,
				7589A2321FDD0C12007A5E9A /* vehicle.cpp */,
			);
			name = "Source Files";
			sourceTree = "<group>";
		};
		342F2FEA387F4EF58F4042D6 /* CMake Rules */ = {
			isa = PBXGroup;
			children = (
			);
			name = "CMake Rules";
			sourceTree = "<group>";
		};
		34307D946CFD4E67906C01CB = {
			isa = PBXGroup;
			children = (
				8A4C38FD10384185A0D3E438 /* path_planning */,
				733B71F0843B493CBE9FFBC6 /* ALL_BUILD */,
				A3AB0502D8104015A3C62545 /* ZERO_CHECK */,
				11D511073B9B44A085086B41 /* Products */,
			);
			sourceTree = "<group>";
		};
		733B71F0843B493CBE9FFBC6 /* ALL_BUILD */ = {
			isa = PBXGroup;
			children = (
				342F2FEA387F4EF58F4042D6 /* CMake Rules */,
				53C07DE647C44F808CEB46B2 /* CMakeLists.txt */,
			);
			name = ALL_BUILD;
			sourceTree = "<group>";
		};
		75B697B61FD46AE3003614C8 /* Header Files */ = {
			isa = PBXGroup;
			children = (
				750686B71FD98C0B00884471 /* cost.h */,
				750686B81FD98D9A00884471 /* constants.h */,
				75B697B81FD46AFC003614C8 /* spline.h */,
				75B697B71FD46AF4003614C8 /* json.hpp */,
				7589A2311FDD0A74007A5E9A /* jmt.h */,
				7589A2351FDD0C47007A5E9A /* vehicle.h */,
				7567C32E1FDDBF9E0074A2B2 /* interpolator.h */,
			);
			name = "Header Files";
			sourceTree = "<group>";
		};
		8A4C38FD10384185A0D3E438 /* path_planning */ = {
			isa = PBXGroup;
			children = (
				75B697BA1FD46B47003614C8 /* Eigen-3.3 */,
				75B697B61FD46AE3003614C8 /* Header Files */,
				202088C3D1694E32A4637975 /* Source Files */,
				73D604AD7F214BDA86901669 /* CMakeLists.txt */,
			);
			name = path_planning;
			sourceTree = "<group>";
		};
		A3AB0502D8104015A3C62545 /* ZERO_CHECK */ = {
			isa = PBXGroup;
			children = (
				C30C9075EB9B487D84123B4B /* CMake Rules */,
				2B51BD8C430141C0A41C9D67 /* CMakeLists.txt */,
			);
			name = ZERO_CHECK;
			sourceTree = "<group>";
		};
		C30C9075EB9B487D84123B4B /* CMake Rules */ = {
			isa = PBXGroup;
			children = (
			);
			name = "CMake Rules";
			sourceTree = "<group>";
		};
/* End PBXGroup section */

/* Begin PBXNativeTarget section */
		EF41B4CFE08C483CB176A4E1 /* path_planning */ = {
			isa = PBXNativeTarget;
			buildConfigurationList = 0EDA95BC9C934B4CB17C1D08 /* Build configuration list for PBXNativeTarget "path_planning" */;
			buildPhases = (
				5D8F55E3776D4A64A3EEF989 /* Sources */,
			);
			buildRules = (
			);
			dependencies = (
				2C14BD21DE074D4DB223C462 /* PBXTargetDependency */,
			);
			name = path_planning;
			productName = path_planning;
			productReference = 5EE05E4E99664E659AA0CF8B /* path_planning */;
			productType = "com.apple.product-type.tool";
		};
/* End PBXNativeTarget section */

/* Begin PBXProject section */
		52188B229BD54355A97C1779 /* Project object */ = {
			isa = PBXProject;
			attributes = {
				BuildIndependentTargetsInParallel = YES;
				LastUpgradeCheck = 0900;
			};
			buildConfigurationList = 62C230C839094D24BF31F3F6 /* Build configuration list for PBXProject "Path_Planning" */;
			compatibilityVersion = "Xcode 3.2";
			developmentRegion = en;
			hasScannedForEncodings = 0;
			knownRegions = (
				en,
			);
			mainGroup = 34307D946CFD4E67906C01CB;
			projectDirPath = ../../;
			projectRoot = "";
			targets = (
				0BDCBE22BBA5408E8CDA81AE /* ALL_BUILD */,
				D48D431E93384B5D8408ED81 /* ZERO_CHECK */,
				EF41B4CFE08C483CB176A4E1 /* path_planning */,
			);
		};
/* End PBXProject section */

/* Begin PBXShellScriptBuildPhase section */
		28FAC46AC668441A8A8F3096 /* CMake Rules */ = {
			isa = PBXShellScriptBuildPhase;
			buildActionMask = 2147483647;
			files = (
			);
			name = "CMake Rules";
			outputPaths = (
				"/Users/srikanthnarayanan/Documents/GitHubRepos/CarND-Path-Planning/ide_profiles/xcode/CMakeFiles/ALL_BUILD",
			);
			runOnlyForDeploymentPostprocessing = 0;
			shellPath = /bin/sh;
			shellScript = "make -C /Users/srikanthnarayanan/Documents/GitHubRepos/CarND-Path-Planning/ide_profiles/xcode -f /Users/srikanthnarayanan/Documents/GitHubRepos/CarND-Path-Planning/ide_profiles/xcode/CMakeScripts/ALL_BUILD_cmakeRulesBuildPhase.make$CONFIGURATION all";
			showEnvVarsInLog = 0;
		};
		7BA58D836CD04D38BE037EE6 /* CMake Rules */ = {
			isa = PBXShellScriptBuildPhase;
			buildActionMask = 2147483647;
			files = (
			);
			name = "CMake Rules";
			outputPaths = (
				"/Users/srikanthnarayanan/Documents/GitHubRepos/CarND-Path-Planning/ide_profiles/xcode/CMakeFiles/ZERO_CHECK",
			);
			runOnlyForDeploymentPostprocessing = 0;
			shellPath = /bin/sh;
			shellScript = "make -C /Users/srikanthnarayanan/Documents/GitHubRepos/CarND-Path-Planning/ide_profiles/xcode -f /Users/srikanthnarayanan/Documents/GitHubRepos/CarND-Path-Planning/ide_profiles/xcode/CMakeScripts/ZERO_CHECK_cmakeRulesBuildPhase.make$CONFIGURATION all";
			showEnvVarsInLog = 0;
		};
/* End PBXShellScriptBuildPhase section */

/* Begin PBXSourcesBuildPhase section */
		5D8F55E3776D4A64A3EEF989 /* Sources */ = {
			isa = PBXSourcesBuildPhase;
			buildActionMask = 2147483647;
			files = (
				2E0BB3CF5B5A4637BEFE3796 /* main.cpp in Sources */,
				7589A2331FDD0C12007A5E9A /* vehicle.cpp in Sources */,
				7589A22E1FDD0516007A5E9A /* jmt.cpp in Sources */,
			);
			runOnlyForDeploymentPostprocessing = 0;
		};
/* End PBXSourcesBuildPhase section */

/* Begin PBXTargetDependency section */
		2C14BD21DE074D4DB223C462 /* PBXTargetDependency */ = {
			isa = PBXTargetDependency;
			target = D48D431E93384B5D8408ED81 /* ZERO_CHECK */;
			targetProxy = 7D341953354445D6ABE66B73 /* PBXContainerItemProxy */;
		};
		321418C559EF4D8FA3051A58 /* PBXTargetDependency */ = {
			isa = PBXTargetDependency;
			target = D48D431E93384B5D8408ED81 /* ZERO_CHECK */;
			targetProxy = FBC285B964F64AB9BD104C4D /* PBXContainerItemProxy */;
		};
		4DAD6C8B23CB4127A5D35353 /* PBXTargetDependency */ = {
			isa = PBXTargetDependency;
			target = EF41B4CFE08C483CB176A4E1 /* path_planning */;
			targetProxy = 9E1498CB46E047AE9C0845DD /* PBXContainerItemProxy */;
		};
/* End PBXTargetDependency section */

/* Begin XCBuildConfiguration section */
		224BD4FDA67943389D0476BA /* Debug */ = {
			isa = XCBuildConfiguration;
			buildSettings = {
				COMBINE_HIDPI_IMAGES = YES;
				EXECUTABLE_PREFIX = "";
				EXECUTABLE_SUFFIX = "";
				GCC_GENERATE_DEBUGGING_SYMBOLS = YES;
				GCC_INLINES_ARE_PRIVATE_EXTERN = NO;
				GCC_OPTIMIZATION_LEVEL = 0;
				GCC_PREPROCESSOR_DEFINITIONS = "'CMAKE_INTDIR=\"$(CONFIGURATION)$(EFFECTIVE_PLATFORM_NAME)\"'";
				GCC_SYMBOLS_PRIVATE_EXTERN = NO;
				HEADER_SEARCH_PATHS = (
					/usr/local/include,
					/usr/local/opt/openssl/include,
				);
				INSTALL_PATH = "";
				LD_RUNPATH_SEARCH_PATHS = "/usr/local/lib /usr/local/opt/openssl/lib /usr/local/Cellar/libuv/1.11.0/lib";
				LIBRARY_SEARCH_PATHS = (
					"/usr/local/lib/$(CONFIGURATION)$(EFFECTIVE_PLATFORM_NAME)",
					/usr/local/lib,
					"/usr/local/opt/openssl/lib/$(CONFIGURATION)$(EFFECTIVE_PLATFORM_NAME)",
					/usr/local/opt/openssl/lib,
					"/usr/local/Cellar/libuv/1.11.0/lib/$(CONFIGURATION)$(EFFECTIVE_PLATFORM_NAME)",
					/usr/local/Cellar/libuv/1.11.0/lib,
				);
				OTHER_CPLUSPLUSFLAGS = "     -std=c++11";
				OTHER_LDFLAGS = (
					"-Wl,-search_paths_first",
					"-Wl,-headerpad_max_install_names",
					"-lz",
					"-lssl",
					"-luv",
					"-luWS",
				);
				OTHER_REZFLAGS = "";
				PRODUCT_NAME = path_planning;
				SECTORDER_FLAGS = "";
				SYMROOT = "/Users/srikanthnarayanan/Documents/GitHubRepos/CarND-Path-Planning/ide_profiles/xcode";
				USE_HEADERMAP = NO;
				WARNING_CFLAGS = (
					"-Wmost",
					"-Wno-four-char-constants",
					"-Wno-unknown-pragmas",
					"$(inherited)",
				);
			};
			name = Debug;
		};
		26A032CB950442F2B191D3BF /* MinSizeRel */ = {
			isa = XCBuildConfiguration;
			buildSettings = {
				CLANG_WARN_CXX0X_EXTENSIONS = YES;
				COMBINE_HIDPI_IMAGES = YES;
				GCC_GENERATE_DEBUGGING_SYMBOLS = YES;
				GCC_INLINES_ARE_PRIVATE_EXTERN = NO;
				GCC_OPTIMIZATION_LEVEL = 0;
				GCC_PREPROCESSOR_DEFINITIONS = "'CMAKE_INTDIR=\"$(CONFIGURATION)$(EFFECTIVE_PLATFORM_NAME)\"'";
				GCC_SYMBOLS_PRIVATE_EXTERN = NO;
				HEADER_SEARCH_PATHS = (
					/usr/local/include,
					/usr/local/opt/openssl/include,
				);
				INSTALL_PATH = "";
				OTHER_LDFLAGS = " ";
				OTHER_REZFLAGS = "";
				PRODUCT_NAME = ALL_BUILD;
				SECTORDER_FLAGS = "";
				SYMROOT = "/Users/srikanthnarayanan/Documents/GitHubRepos/CarND-Path-Planning/ide_profiles/xcode";
				USE_HEADERMAP = NO;
				WARNING_CFLAGS = (
					"-Wmost",
					"-Wno-four-char-constants",
					"-Wno-unknown-pragmas",
					"$(inherited)",
				);
			};
			name = MinSizeRel;
		};
		2A4CB02965BE481EBE81E848 /* MinSizeRel */ = {
			isa = XCBuildConfiguration;
			buildSettings = {
				COMBINE_HIDPI_IMAGES = YES;
				EXECUTABLE_PREFIX = "";
				EXECUTABLE_SUFFIX = "";
				GCC_GENERATE_DEBUGGING_SYMBOLS = NO;
				GCC_INLINES_ARE_PRIVATE_EXTERN = NO;
				GCC_OPTIMIZATION_LEVEL = s;
				GCC_PREPROCESSOR_DEFINITIONS = "'CMAKE_INTDIR=\"$(CONFIGURATION)$(EFFECTIVE_PLATFORM_NAME)\"'";
				GCC_SYMBOLS_PRIVATE_EXTERN = NO;
				HEADER_SEARCH_PATHS = (
					/usr/local/include,
					/usr/local/opt/openssl/include,
				);
				INSTALL_PATH = "";
				LD_RUNPATH_SEARCH_PATHS = "/usr/local/lib /usr/local/opt/openssl/lib /usr/local/Cellar/libuv/1.11.0/lib";
				LIBRARY_SEARCH_PATHS = (
					"/usr/local/lib/$(CONFIGURATION)$(EFFECTIVE_PLATFORM_NAME)",
					/usr/local/lib,
					"/usr/local/opt/openssl/lib/$(CONFIGURATION)$(EFFECTIVE_PLATFORM_NAME)",
					/usr/local/opt/openssl/lib,
					"/usr/local/Cellar/libuv/1.11.0/lib/$(CONFIGURATION)$(EFFECTIVE_PLATFORM_NAME)",
					/usr/local/Cellar/libuv/1.11.0/lib,
				);
				OTHER_CPLUSPLUSFLAGS = (
					"-DNDEBUG",
					"-std=c++11",
				);
				OTHER_LDFLAGS = (
					"-Wl,-search_paths_first",
					"-Wl,-headerpad_max_install_names",
					"-lz",
					"-lssl",
					"-luv",
					"-luWS",
				);
				OTHER_REZFLAGS = "";
				PRODUCT_NAME = path_planning;
				SECTORDER_FLAGS = "";
				SYMROOT = "/Users/srikanthnarayanan/Documents/GitHubRepos/CarND-Path-Planning/ide_profiles/xcode";
				USE_HEADERMAP = NO;
				WARNING_CFLAGS = (
					"-Wmost",
					"-Wno-four-char-constants",
					"-Wno-unknown-pragmas",
					"$(inherited)",
				);
			};
			name = MinSizeRel;
		};
		3F8DB8C4FB3C4B0A952B258C /* Debug */ = {
			isa = XCBuildConfiguration;
			buildSettings = {
				CLANG_WARN_CXX0X_EXTENSIONS = YES;
				COMBINE_HIDPI_IMAGES = YES;
				GCC_GENERATE_DEBUGGING_SYMBOLS = YES;
				GCC_INLINES_ARE_PRIVATE_EXTERN = NO;
				GCC_OPTIMIZATION_LEVEL = 0;
				GCC_PREPROCESSOR_DEFINITIONS = "'CMAKE_INTDIR=\"$(CONFIGURATION)$(EFFECTIVE_PLATFORM_NAME)\"'";
				GCC_SYMBOLS_PRIVATE_EXTERN = NO;
				HEADER_SEARCH_PATHS = (
					/usr/local/include,
					/usr/local/opt/openssl/include,
				);
				INSTALL_PATH = "";
				OTHER_LDFLAGS = " ";
				OTHER_REZFLAGS = "";
				PRODUCT_NAME = ALL_BUILD;
				SECTORDER_FLAGS = "";
				SYMROOT = "/Users/srikanthnarayanan/Documents/GitHubRepos/CarND-Path-Planning/ide_profiles/xcode";
				USE_HEADERMAP = NO;
				WARNING_CFLAGS = (
					"-Wmost",
					"-Wno-four-char-constants",
					"-Wno-unknown-pragmas",
					"$(inherited)",
				);
			};
			name = Debug;
		};
		43F9EEF823C24FFFB6D9E884 /* MinSizeRel */ = {
			isa = XCBuildConfiguration;
			buildSettings = {
				ONLY_ACTIVE_ARCH = YES;
				SDKROOT = /Applications/Xcode.app/Contents/Developer/Platforms/MacOSX.platform/Developer/SDKs/MacOSX10.13.sdk;
				SYMROOT = "/Users/srikanthnarayanan/Documents/GitHubRepos/CarND-Path-Planning/ide_profiles/xcode/build";
			};
			name = MinSizeRel;
		};
		4557DFDC93BF43448FCC0294 /* Debug */ = {
			isa = XCBuildConfiguration;
			buildSettings = {
				COMBINE_HIDPI_IMAGES = YES;
				GCC_GENERATE_DEBUGGING_SYMBOLS = YES;
				GCC_INLINES_ARE_PRIVATE_EXTERN = NO;
				GCC_OPTIMIZATION_LEVEL = 0;
				GCC_PREPROCESSOR_DEFINITIONS = "'CMAKE_INTDIR=\"$(CONFIGURATION)$(EFFECTIVE_PLATFORM_NAME)\"'";
				GCC_SYMBOLS_PRIVATE_EXTERN = NO;
				HEADER_SEARCH_PATHS = (
					/usr/local/include,
					/usr/local/opt/openssl/include,
				);
				INSTALL_PATH = "";
				OTHER_LDFLAGS = " ";
				OTHER_REZFLAGS = "";
				PRODUCT_NAME = ZERO_CHECK;
				SECTORDER_FLAGS = "";
				SYMROOT = "/Users/srikanthnarayanan/Documents/GitHubRepos/CarND-Path-Planning/ide_profiles/xcode";
				USE_HEADERMAP = NO;
				WARNING_CFLAGS = (
					"-Wmost",
					"-Wno-four-char-constants",
					"-Wno-unknown-pragmas",
					"$(inherited)",
				);
			};
			name = Debug;
		};
		5660FDFD44E24786A6838A34 /* RelWithDebInfo */ = {
			isa = XCBuildConfiguration;
			buildSettings = {
				COMBINE_HIDPI_IMAGES = YES;
				GCC_GENERATE_DEBUGGING_SYMBOLS = YES;
				GCC_INLINES_ARE_PRIVATE_EXTERN = NO;
				GCC_OPTIMIZATION_LEVEL = 0;
				GCC_PREPROCESSOR_DEFINITIONS = "'CMAKE_INTDIR=\"$(CONFIGURATION)$(EFFECTIVE_PLATFORM_NAME)\"'";
				GCC_SYMBOLS_PRIVATE_EXTERN = NO;
				HEADER_SEARCH_PATHS = (
					/usr/local/include,
					/usr/local/opt/openssl/include,
				);
				INSTALL_PATH = "";
				OTHER_LDFLAGS = " ";
				OTHER_REZFLAGS = "";
				PRODUCT_NAME = ZERO_CHECK;
				SECTORDER_FLAGS = "";
				SYMROOT = "/Users/srikanthnarayanan/Documents/GitHubRepos/CarND-Path-Planning/ide_profiles/xcode";
				USE_HEADERMAP = NO;
				WARNING_CFLAGS = (
					"-Wmost",
					"-Wno-four-char-constants",
					"-Wno-unknown-pragmas",
					"$(inherited)",
				);
			};
			name = RelWithDebInfo;
		};
		632B34FE43334E0EA2F645CA /* RelWithDebInfo */ = {
			isa = XCBuildConfiguration;
			buildSettings = {
				CLANG_WARN_CXX0X_EXTENSIONS = YES;
				COMBINE_HIDPI_IMAGES = YES;
				GCC_GENERATE_DEBUGGING_SYMBOLS = YES;
				GCC_INLINES_ARE_PRIVATE_EXTERN = NO;
				GCC_OPTIMIZATION_LEVEL = 0;
				GCC_PREPROCESSOR_DEFINITIONS = "'CMAKE_INTDIR=\"$(CONFIGURATION)$(EFFECTIVE_PLATFORM_NAME)\"'";
				GCC_SYMBOLS_PRIVATE_EXTERN = NO;
				HEADER_SEARCH_PATHS = (
					/usr/local/include,
					/usr/local/opt/openssl/include,
				);
				INSTALL_PATH = "";
				OTHER_LDFLAGS = " ";
				OTHER_REZFLAGS = "";
				PRODUCT_NAME = ALL_BUILD;
				SECTORDER_FLAGS = "";
				SYMROOT = "/Users/srikanthnarayanan/Documents/GitHubRepos/CarND-Path-Planning/ide_profiles/xcode";
				USE_HEADERMAP = NO;
				WARNING_CFLAGS = (
					"-Wmost",
					"-Wno-four-char-constants",
					"-Wno-unknown-pragmas",
					"$(inherited)",
				);
			};
			name = RelWithDebInfo;
		};
		87CEDA0E1648458E83AC6BFE /* RelWithDebInfo */ = {
			isa = XCBuildConfiguration;
			buildSettings = {
				ONLY_ACTIVE_ARCH = YES;
				SDKROOT = /Applications/Xcode.app/Contents/Developer/Platforms/MacOSX.platform/Developer/SDKs/MacOSX10.13.sdk;
				SYMROOT = "/Users/srikanthnarayanan/Documents/GitHubRepos/CarND-Path-Planning/ide_profiles/xcode/build";
			};
			name = RelWithDebInfo;
		};
		8BB370AFDB7A4006A52460EE /* Release */ = {
			isa = XCBuildConfiguration;
			buildSettings = {
				ONLY_ACTIVE_ARCH = YES;
				SDKROOT = /Applications/Xcode.app/Contents/Developer/Platforms/MacOSX.platform/Developer/SDKs/MacOSX10.13.sdk;
				SYMROOT = "/Users/srikanthnarayanan/Documents/GitHubRepos/CarND-Path-Planning/ide_profiles/xcode/build";
			};
			name = Release;
		};
		8F5D88E1EC1342839E923D7B /* RelWithDebInfo */ = {
			isa = XCBuildConfiguration;
			buildSettings = {
				COMBINE_HIDPI_IMAGES = YES;
				EXECUTABLE_PREFIX = "";
				EXECUTABLE_SUFFIX = "";
				GCC_GENERATE_DEBUGGING_SYMBOLS = YES;
				GCC_INLINES_ARE_PRIVATE_EXTERN = NO;
				GCC_OPTIMIZATION_LEVEL = 2;
				GCC_PREPROCESSOR_DEFINITIONS = "'CMAKE_INTDIR=\"$(CONFIGURATION)$(EFFECTIVE_PLATFORM_NAME)\"'";
				GCC_SYMBOLS_PRIVATE_EXTERN = NO;
				HEADER_SEARCH_PATHS = (
					/usr/local/include,
					/usr/local/opt/openssl/include,
				);
				INSTALL_PATH = "";
				LD_RUNPATH_SEARCH_PATHS = "/usr/local/lib /usr/local/opt/openssl/lib /usr/local/Cellar/libuv/1.11.0/lib";
				LIBRARY_SEARCH_PATHS = (
					"/usr/local/lib/$(CONFIGURATION)$(EFFECTIVE_PLATFORM_NAME)",
					/usr/local/lib,
					"/usr/local/opt/openssl/lib/$(CONFIGURATION)$(EFFECTIVE_PLATFORM_NAME)",
					/usr/local/opt/openssl/lib,
					"/usr/local/Cellar/libuv/1.11.0/lib/$(CONFIGURATION)$(EFFECTIVE_PLATFORM_NAME)",
					/usr/local/Cellar/libuv/1.11.0/lib,
				);
				OTHER_CPLUSPLUSFLAGS = (
					"-DNDEBUG",
					"-std=c++11",
				);
				OTHER_LDFLAGS = (
					"-Wl,-search_paths_first",
					"-Wl,-headerpad_max_install_names",
					"-lz",
					"-lssl",
					"-luv",
					"-luWS",
				);
				OTHER_REZFLAGS = "";
				PRODUCT_NAME = path_planning;
				SECTORDER_FLAGS = "";
				SYMROOT = "/Users/srikanthnarayanan/Documents/GitHubRepos/CarND-Path-Planning/ide_profiles/xcode";
				USE_HEADERMAP = NO;
				WARNING_CFLAGS = (
					"-Wmost",
					"-Wno-four-char-constants",
					"-Wno-unknown-pragmas",
					"$(inherited)",
				);
			};
			name = RelWithDebInfo;
		};
		A37CE61C7F964A4DA39BE888 /* Debug */ = {
			isa = XCBuildConfiguration;
			buildSettings = {
				ONLY_ACTIVE_ARCH = YES;
				SDKROOT = /Applications/Xcode.app/Contents/Developer/Platforms/MacOSX.platform/Developer/SDKs/MacOSX10.13.sdk;
				SYMROOT = "/Users/srikanthnarayanan/Documents/GitHubRepos/CarND-Path-Planning/ide_profiles/xcode/build";
			};
			name = Debug;
		};
		AC43CB51D5D1476CA3A5A0BD /* Release */ = {
			isa = XCBuildConfiguration;
			buildSettings = {
				COMBINE_HIDPI_IMAGES = YES;
				GCC_GENERATE_DEBUGGING_SYMBOLS = YES;
				GCC_INLINES_ARE_PRIVATE_EXTERN = NO;
				GCC_OPTIMIZATION_LEVEL = 0;
				GCC_PREPROCESSOR_DEFINITIONS = "'CMAKE_INTDIR=\"$(CONFIGURATION)$(EFFECTIVE_PLATFORM_NAME)\"'";
				GCC_SYMBOLS_PRIVATE_EXTERN = NO;
				HEADER_SEARCH_PATHS = (
					/usr/local/include,
					/usr/local/opt/openssl/include,
				);
				INSTALL_PATH = "";
				OTHER_LDFLAGS = " ";
				OTHER_REZFLAGS = "";
				PRODUCT_NAME = ZERO_CHECK;
				SECTORDER_FLAGS = "";
				SYMROOT = "/Users/srikanthnarayanan/Documents/GitHubRepos/CarND-Path-Planning/ide_profiles/xcode";
				USE_HEADERMAP = NO;
				WARNING_CFLAGS = (
					"-Wmost",
					"-Wno-four-char-constants",
					"-Wno-unknown-pragmas",
					"$(inherited)",
				);
			};
			name = Release;
		};
		CA8DEAF441894B95BCE52B71 /* Release */ = {
			isa = XCBuildConfiguration;
			buildSettings = {
				COMBINE_HIDPI_IMAGES = YES;
				EXECUTABLE_PREFIX = "";
				EXECUTABLE_SUFFIX = "";
				GCC_GENERATE_DEBUGGING_SYMBOLS = NO;
				GCC_INLINES_ARE_PRIVATE_EXTERN = NO;
				GCC_OPTIMIZATION_LEVEL = 3;
				GCC_PREPROCESSOR_DEFINITIONS = "'CMAKE_INTDIR=\"$(CONFIGURATION)$(EFFECTIVE_PLATFORM_NAME)\"'";
				GCC_SYMBOLS_PRIVATE_EXTERN = NO;
				HEADER_SEARCH_PATHS = (
					/usr/local/include,
					/usr/local/opt/openssl/include,
				);
				INSTALL_PATH = "";
				LD_RUNPATH_SEARCH_PATHS = "/usr/local/lib /usr/local/opt/openssl/lib /usr/local/Cellar/libuv/1.11.0/lib";
				LIBRARY_SEARCH_PATHS = (
					"/usr/local/lib/$(CONFIGURATION)$(EFFECTIVE_PLATFORM_NAME)",
					/usr/local/lib,
					"/usr/local/opt/openssl/lib/$(CONFIGURATION)$(EFFECTIVE_PLATFORM_NAME)",
					/usr/local/opt/openssl/lib,
					"/usr/local/Cellar/libuv/1.11.0/lib/$(CONFIGURATION)$(EFFECTIVE_PLATFORM_NAME)",
					/usr/local/Cellar/libuv/1.11.0/lib,
				);
				OTHER_CPLUSPLUSFLAGS = (
					"-DNDEBUG",
					"-std=c++11",
				);
				OTHER_LDFLAGS = (
					"-Wl,-search_paths_first",
					"-Wl,-headerpad_max_install_names",
					"-lz",
					"-lssl",
					"-luv",
					"-luWS",
				);
				OTHER_REZFLAGS = "";
				PRODUCT_NAME = path_planning;
				SECTORDER_FLAGS = "";
				SYMROOT = "/Users/srikanthnarayanan/Documents/GitHubRepos/CarND-Path-Planning/ide_profiles/xcode";
				USE_HEADERMAP = NO;
				WARNING_CFLAGS = (
					"-Wmost",
					"-Wno-four-char-constants",
					"-Wno-unknown-pragmas",
					"$(inherited)",
				);
			};
			name = Release;
		};
		D312BAE29B1A4E10BA09D17A /* Release */ = {
			isa = XCBuildConfiguration;
			buildSettings = {
				CLANG_WARN_CXX0X_EXTENSIONS = YES;
				COMBINE_HIDPI_IMAGES = YES;
				GCC_GENERATE_DEBUGGING_SYMBOLS = YES;
				GCC_INLINES_ARE_PRIVATE_EXTERN = NO;
				GCC_OPTIMIZATION_LEVEL = 0;
				GCC_PREPROCESSOR_DEFINITIONS = "'CMAKE_INTDIR=\"$(CONFIGURATION)$(EFFECTIVE_PLATFORM_NAME)\"'";
				GCC_SYMBOLS_PRIVATE_EXTERN = NO;
				HEADER_SEARCH_PATHS = (
					/usr/local/include,
					/usr/local/opt/openssl/include,
				);
				INSTALL_PATH = "";
				OTHER_LDFLAGS = " ";
				OTHER_REZFLAGS = "";
				PRODUCT_NAME = ALL_BUILD;
				SECTORDER_FLAGS = "";
				SYMROOT = "/Users/srikanthnarayanan/Documents/GitHubRepos/CarND-Path-Planning/ide_profiles/xcode";
				USE_HEADERMAP = NO;
				WARNING_CFLAGS = (
					"-Wmost",
					"-Wno-four-char-constants",
					"-Wno-unknown-pragmas",
					"$(inherited)",
				);
			};
			name = Release;
		};
		DADD982F96C543B59DA62F50 /* MinSizeRel */ = {
			isa = XCBuildConfiguration;
			buildSettings = {
				COMBINE_HIDPI_IMAGES = YES;
				GCC_GENERATE_DEBUGGING_SYMBOLS = YES;
				GCC_INLINES_ARE_PRIVATE_EXTERN = NO;
				GCC_OPTIMIZATION_LEVEL = 0;
				GCC_PREPROCESSOR_DEFINITIONS = "'CMAKE_INTDIR=\"$(CONFIGURATION)$(EFFECTIVE_PLATFORM_NAME)\"'";
				GCC_SYMBOLS_PRIVATE_EXTERN = NO;
				HEADER_SEARCH_PATHS = (
					/usr/local/include,
					/usr/local/opt/openssl/include,
				);
				INSTALL_PATH = "";
				OTHER_LDFLAGS = " ";
				OTHER_REZFLAGS = "";
				PRODUCT_NAME = ZERO_CHECK;
				SECTORDER_FLAGS = "";
				SYMROOT = "/Users/srikanthnarayanan/Documents/GitHubRepos/CarND-Path-Planning/ide_profiles/xcode";
				USE_HEADERMAP = NO;
				WARNING_CFLAGS = (
					"-Wmost",
					"-Wno-four-char-constants",
					"-Wno-unknown-pragmas",
					"$(inherited)",
				);
			};
			name = MinSizeRel;
		};
/* End XCBuildConfiguration section */

/* Begin XCConfigurationList section */
		0EDA95BC9C934B4CB17C1D08 /* Build configuration list for PBXNativeTarget "path_planning" */ = {
			isa = XCConfigurationList;
			buildConfigurations = (
				224BD4FDA67943389D0476BA /* Debug */,
				CA8DEAF441894B95BCE52B71 /* Release */,
				2A4CB02965BE481EBE81E848 /* MinSizeRel */,
				8F5D88E1EC1342839E923D7B /* RelWithDebInfo */,
			);
			defaultConfigurationIsVisible = 0;
			defaultConfigurationName = Debug;
		};
		62C230C839094D24BF31F3F6 /* Build configuration list for PBXProject "Path_Planning" */ = {
			isa = XCConfigurationList;
			buildConfigurations = (
				A37CE61C7F964A4DA39BE888 /* Debug */,
				8BB370AFDB7A4006A52460EE /* Release */,
				43F9EEF823C24FFFB6D9E884 /* MinSizeRel */,
				87CEDA0E1648458E83AC6BFE /* RelWithDebInfo */,
			);
			defaultConfigurationIsVisible = 0;
			defaultConfigurationName = Debug;
		};
		D49F428873BD452486E84755 /* Build configuration list for PBXAggregateTarget "ZERO_CHECK" */ = {
			isa = XCConfigurationList;
			buildConfigurations = (
				4557DFDC93BF43448FCC0294 /* Debug */,
				AC43CB51D5D1476CA3A5A0BD /* Release */,
				DADD982F96C543B59DA62F50 /* MinSizeRel */,
				5660FDFD44E24786A6838A34 /* RelWithDebInfo */,
			);
			defaultConfigurationIsVisible = 0;
			defaultConfigurationName = Debug;
		};
		DDE87C3105364D52BC41B940 /* Build configuration list for PBXAggregateTarget "ALL_BUILD" */ = {
			isa = XCConfigurationList;
			buildConfigurations = (
				3F8DB8C4FB3C4B0A952B258C /* Debug */,
				D312BAE29B1A4E10BA09D17A /* Release */,
				26A032CB950442F2B191D3BF /* MinSizeRel */,
				632B34FE43334E0EA2F645CA /* RelWithDebInfo */,
			);
			defaultConfigurationIsVisible = 0;
			defaultConfigurationName = Debug;
		};
/* End XCConfigurationList section */
	};
	rootObject = 52188B229BD54355A97C1779 /* Project object */;
}
